// !$*UTF8*$!
{
	archiveVersion = 1;
	classes = {
	};
	objectVersion = 55;
	objects = {

/* Begin PBXBuildFile section */
		7C105CB828CCCC34001BF39A /* ContentView.swift in Sources */ = {isa = PBXBuildFile; fileRef = 7C105CB728CCCC34001BF39A /* ContentView.swift */; };
		7CF7B642282D51890003632C /* BlabberApp.swift in Sources */ = {isa = PBXBuildFile; fileRef = 7CF7B641282D51890003632C /* BlabberApp.swift */; };
		7CF7B646282D518A0003632C /* Assets.xcassets in Resources */ = {isa = PBXBuildFile; fileRef = 7CF7B645282D518A0003632C /* Assets.xcassets */; };
		7CF7B649282D518A0003632C /* Preview Assets.xcassets in Resources */ = {isa = PBXBuildFile; fileRef = 7CF7B648282D518A0003632C /* Preview Assets.xcassets */; };
		7CF7B654282D518B0003632C /* BlabberTests.swift in Sources */ = {isa = PBXBuildFile; fileRef = 7CF7B653282D518B0003632C /* BlabberTests.swift */; };
		7CF7B65E282D518B0003632C /* BlabberUITests.swift in Sources */ = {isa = PBXBuildFile; fileRef = 7CF7B65D282D518B0003632C /* BlabberUITests.swift */; };
		7CF7B660282D518B0003632C /* BlabberUITestsLaunchTests.swift in Sources */ = {isa = PBXBuildFile; fileRef = 7CF7B65F282D518B0003632C /* BlabberUITestsLaunchTests.swift */; };
		7CF7B66D282D51A70003632C /* WebView.swift in Sources */ = {isa = PBXBuildFile; fileRef = 7CF7B66C282D51A70003632C /* WebView.swift */; };
/* End PBXBuildFile section */

/* Begin PBXContainerItemProxy section */
		7CF7B650282D518B0003632C /* PBXContainerItemProxy */ = {
			isa = PBXContainerItemProxy;
			containerPortal = 7CF7B636282D51890003632C /* Project object */;
			proxyType = 1;
			remoteGlobalIDString = 7CF7B63D282D51890003632C;
			remoteInfo = Blabber;
		};
		7CF7B65A282D518B0003632C /* PBXContainerItemProxy */ = {
			isa = PBXContainerItemProxy;
			containerPortal = 7CF7B636282D51890003632C /* Project object */;
			proxyType = 1;
			remoteGlobalIDString = 7CF7B63D282D51890003632C;
			remoteInfo = Blabber;
		};
/* End PBXContainerItemProxy section */

/* Begin PBXFileReference section */
		7C105CB728CCCC34001BF39A /* ContentView.swift */ = {isa = PBXFileReference; fileEncoding = 4; lastKnownFileType = sourcecode.swift; path = ContentView.swift; sourceTree = "<group>"; };
		7CF7B63E282D51890003632C /* Blabber.app */ = {isa = PBXFileReference; explicitFileType = wrapper.application; includeInIndex = 0; path = Blabber.app; sourceTree = BUILT_PRODUCTS_DIR; };
		7CF7B641282D51890003632C /* BlabberApp.swift */ = {isa = PBXFileReference; lastKnownFileType = sourcecode.swift; path = BlabberApp.swift; sourceTree = "<group>"; };
		7CF7B645282D518A0003632C /* Assets.xcassets */ = {isa = PBXFileReference; lastKnownFileType = folder.assetcatalog; path = Assets.xcassets; sourceTree = "<group>"; };
		7CF7B648282D518A0003632C /* Preview Assets.xcassets */ = {isa = PBXFileReference; lastKnownFileType = folder.assetcatalog; path = "Preview Assets.xcassets"; sourceTree = "<group>"; };
		7CF7B64A282D518A0003632C /* Blabber.entitlements */ = {isa = PBXFileReference; lastKnownFileType = text.plist.entitlements; path = Blabber.entitlements; sourceTree = "<group>"; };
		7CF7B64F282D518B0003632C /* BlabberTests.xctest */ = {isa = PBXFileReference; explicitFileType = wrapper.cfbundle; includeInIndex = 0; path = BlabberTests.xctest; sourceTree = BUILT_PRODUCTS_DIR; };
		7CF7B653282D518B0003632C /* BlabberTests.swift */ = {isa = PBXFileReference; lastKnownFileType = sourcecode.swift; path = BlabberTests.swift; sourceTree = "<group>"; };
		7CF7B659282D518B0003632C /* BlabberUITests.xctest */ = {isa = PBXFileReference; explicitFileType = wrapper.cfbundle; includeInIndex = 0; path = BlabberUITests.xctest; sourceTree = BUILT_PRODUCTS_DIR; };
		7CF7B65D282D518B0003632C /* BlabberUITests.swift */ = {isa = PBXFileReference; lastKnownFileType = sourcecode.swift; path = BlabberUITests.swift; sourceTree = "<group>"; };
		7CF7B65F282D518B0003632C /* BlabberUITestsLaunchTests.swift */ = {isa = PBXFileReference; lastKnownFileType = sourcecode.swift; path = BlabberUITestsLaunchTests.swift; sourceTree = "<group>"; };
		7CF7B66C282D51A70003632C /* WebView.swift */ = {isa = PBXFileReference; lastKnownFileType = sourcecode.swift; path = WebView.swift; sourceTree = "<group>"; };
/* End PBXFileReference section */

/* Begin PBXFrameworksBuildPhase section */
		7CF7B63B282D51890003632C /* Frameworks */ = {
			isa = PBXFrameworksBuildPhase;
			buildActionMask = 2147483647;
			files = (
			);
			runOnlyForDeploymentPostprocessing = 0;
		};
		7CF7B64C282D518B0003632C /* Frameworks */ = {
			isa = PBXFrameworksBuildPhase;
			buildActionMask = 2147483647;
			files = (
			);
			runOnlyForDeploymentPostprocessing = 0;
		};
		7CF7B656282D518B0003632C /* Frameworks */ = {
			isa = PBXFrameworksBuildPhase;
			buildActionMask = 2147483647;
			files = (
			);
			runOnlyForDeploymentPostprocessing = 0;
		};
/* End PBXFrameworksBuildPhase section */

/* Begin PBXGroup section */
		7CF7B635282D51890003632C = {
			isa = PBXGroup;
			children = (
				7CF7B640282D51890003632C /* Blabber */,
				7CF7B652282D518B0003632C /* BlabberTests */,
				7CF7B65C282D518B0003632C /* BlabberUITests */,
				7CF7B63F282D51890003632C /* Products */,
			);
			sourceTree = "<group>";
		};
		7CF7B63F282D51890003632C /* Products */ = {
			isa = PBXGroup;
			children = (
				7CF7B63E282D51890003632C /* Blabber.app */,
				7CF7B64F282D518B0003632C /* BlabberTests.xctest */,
				7CF7B659282D518B0003632C /* BlabberUITests.xctest */,
			);
			name = Products;
			sourceTree = "<group>";
		};
		7CF7B640282D51890003632C /* Blabber */ = {
			isa = PBXGroup;
			children = (
				7CF7B641282D51890003632C /* BlabberApp.swift */,
				7CF7B66C282D51A70003632C /* WebView.swift */,
				7C105CB728CCCC34001BF39A /* ContentView.swift */,
				7CF7B645282D518A0003632C /* Assets.xcassets */,
				7CF7B64A282D518A0003632C /* Blabber.entitlements */,
				7CF7B647282D518A0003632C /* Preview Content */,
			);
			path = Blabber;
			sourceTree = "<group>";
		};
		7CF7B647282D518A0003632C /* Preview Content */ = {
			isa = PBXGroup;
			children = (
				7CF7B648282D518A0003632C /* Preview Assets.xcassets */,
			);
			path = "Preview Content";
			sourceTree = "<group>";
		};
		7CF7B652282D518B0003632C /* BlabberTests */ = {
			isa = PBXGroup;
			children = (
				7CF7B653282D518B0003632C /* BlabberTests.swift */,
			);
			path = BlabberTests;
			sourceTree = "<group>";
		};
		7CF7B65C282D518B0003632C /* BlabberUITests */ = {
			isa = PBXGroup;
			children = (
				7CF7B65D282D518B0003632C /* BlabberUITests.swift */,
				7CF7B65F282D518B0003632C /* BlabberUITestsLaunchTests.swift */,
			);
			path = BlabberUITests;
			sourceTree = "<group>";
		};
/* End PBXGroup section */

/* Begin PBXNativeTarget section */
		7CF7B63D282D51890003632C /* Blabber */ = {
			isa = PBXNativeTarget;
			buildConfigurationList = 7CF7B663282D518B0003632C /* Build configuration list for PBXNativeTarget "Blabber" */;
			buildPhases = (
				7CF7B63A282D51890003632C /* Sources */,
				7CF7B63B282D51890003632C /* Frameworks */,
				7CF7B63C282D51890003632C /* Resources */,
			);
			buildRules = (
			);
			dependencies = (
			);
			name = Blabber;
			productName = Blabber;
			productReference = 7CF7B63E282D51890003632C /* Blabber.app */;
			productType = "com.apple.product-type.application";
		};
		7CF7B64E282D518B0003632C /* BlabberTests */ = {
			isa = PBXNativeTarget;
			buildConfigurationList = 7CF7B666282D518B0003632C /* Build configuration list for PBXNativeTarget "BlabberTests" */;
			buildPhases = (
				7CF7B64B282D518B0003632C /* Sources */,
				7CF7B64C282D518B0003632C /* Frameworks */,
				7CF7B64D282D518B0003632C /* Resources */,
			);
			buildRules = (
			);
			dependencies = (
				7CF7B651282D518B0003632C /* PBXTargetDependency */,
			);
			name = BlabberTests;
			productName = BlabberTests;
			productReference = 7CF7B64F282D518B0003632C /* BlabberTests.xctest */;
			productType = "com.apple.product-type.bundle.unit-test";
		};
		7CF7B658282D518B0003632C /* BlabberUITests */ = {
			isa = PBXNativeTarget;
			buildConfigurationList = 7CF7B669282D518B0003632C /* Build configuration list for PBXNativeTarget "BlabberUITests" */;
			buildPhases = (
				7CF7B655282D518B0003632C /* Sources */,
				7CF7B656282D518B0003632C /* Frameworks */,
				7CF7B657282D518B0003632C /* Resources */,
			);
			buildRules = (
			);
			dependencies = (
				7CF7B65B282D518B0003632C /* PBXTargetDependency */,
			);
			name = BlabberUITests;
			productName = BlabberUITests;
			productReference = 7CF7B659282D518B0003632C /* BlabberUITests.xctest */;
			productType = "com.apple.product-type.bundle.ui-testing";
		};
/* End PBXNativeTarget section */

/* Begin PBXProject section */
		7CF7B636282D51890003632C /* Project object */ = {
			isa = PBXProject;
			attributes = {
				BuildIndependentTargetsInParallel = 1;
				LastSwiftUpdateCheck = 1330;
				LastUpgradeCheck = 1400;
				TargetAttributes = {
					7CF7B63D282D51890003632C = {
						CreatedOnToolsVersion = 13.3.1;
					};
					7CF7B64E282D518B0003632C = {
						CreatedOnToolsVersion = 13.3.1;
						TestTargetID = 7CF7B63D282D51890003632C;
					};
					7CF7B658282D518B0003632C = {
						CreatedOnToolsVersion = 13.3.1;
						TestTargetID = 7CF7B63D282D51890003632C;
					};
				};
			};
			buildConfigurationList = 7CF7B639282D51890003632C /* Build configuration list for PBXProject "Blabber" */;
			compatibilityVersion = "Xcode 13.0";
			developmentRegion = en;
			hasScannedForEncodings = 0;
			knownRegions = (
				en,
				Base,
			);
			mainGroup = 7CF7B635282D51890003632C;
			productRefGroup = 7CF7B63F282D51890003632C /* Products */;
			projectDirPath = "";
			projectRoot = "";
			targets = (
				7CF7B63D282D51890003632C /* Blabber */,
				7CF7B64E282D518B0003632C /* BlabberTests */,
				7CF7B658282D518B0003632C /* BlabberUITests */,
			);
		};
/* End PBXProject section */

/* Begin PBXResourcesBuildPhase section */
		7CF7B63C282D51890003632C /* Resources */ = {
			isa = PBXResourcesBuildPhase;
			buildActionMask = 2147483647;
			files = (
				7CF7B649282D518A0003632C /* Preview Assets.xcassets in Resources */,
				7CF7B646282D518A0003632C /* Assets.xcassets in Resources */,
			);
			runOnlyForDeploymentPostprocessing = 0;
		};
		7CF7B64D282D518B0003632C /* Resources */ = {
			isa = PBXResourcesBuildPhase;
			buildActionMask = 2147483647;
			files = (
			);
			runOnlyForDeploymentPostprocessing = 0;
		};
		7CF7B657282D518B0003632C /* Resources */ = {
			isa = PBXResourcesBuildPhase;
			buildActionMask = 2147483647;
			files = (
			);
			runOnlyForDeploymentPostprocessing = 0;
		};
/* End PBXResourcesBuildPhase section */

/* Begin PBXSourcesBuildPhase section */
		7CF7B63A282D51890003632C /* Sources */ = {
			isa = PBXSourcesBuildPhase;
			buildActionMask = 2147483647;
			files = (
				7CF7B66D282D51A70003632C /* WebView.swift in Sources */,
				7CF7B642282D51890003632C /* BlabberApp.swift in Sources */,
				7C105CB828CCCC34001BF39A /* ContentView.swift in Sources */,
			);
			runOnlyForDeploymentPostprocessing = 0;
		};
		7CF7B64B282D518B0003632C /* Sources */ = {
			isa = PBXSourcesBuildPhase;
			buildActionMask = 2147483647;
			files = (
				7CF7B654282D518B0003632C /* BlabberTests.swift in Sources */,
			);
			runOnlyForDeploymentPostprocessing = 0;
		};
		7CF7B655282D518B0003632C /* Sources */ = {
			isa = PBXSourcesBuildPhase;
			buildActionMask = 2147483647;
			files = (
				7CF7B65E282D518B0003632C /* BlabberUITests.swift in Sources */,
				7CF7B660282D518B0003632C /* BlabberUITestsLaunchTests.swift in Sources */,
			);
			runOnlyForDeploymentPostprocessing = 0;
		};
/* End PBXSourcesBuildPhase section */

/* Begin PBXTargetDependency section */
		7CF7B651282D518B0003632C /* PBXTargetDependency */ = {
			isa = PBXTargetDependency;
			target = 7CF7B63D282D51890003632C /* Blabber */;
			targetProxy = 7CF7B650282D518B0003632C /* PBXContainerItemProxy */;
		};
		7CF7B65B282D518B0003632C /* PBXTargetDependency */ = {
			isa = PBXTargetDependency;
			target = 7CF7B63D282D51890003632C /* Blabber */;
			targetProxy = 7CF7B65A282D518B0003632C /* PBXContainerItemProxy */;
		};
/* End PBXTargetDependency section */

/* Begin XCBuildConfiguration section */
		7CF7B661282D518B0003632C /* Debug */ = {
			isa = XCBuildConfiguration;
			buildSettings = {
				ALWAYS_SEARCH_USER_PATHS = NO;
				CLANG_ANALYZER_NONNULL = YES;
				CLANG_ANALYZER_NUMBER_OBJECT_CONVERSION = YES_AGGRESSIVE;
				CLANG_CXX_LANGUAGE_STANDARD = "gnu++17";
				CLANG_ENABLE_MODULES = YES;
				CLANG_ENABLE_OBJC_ARC = YES;
				CLANG_ENABLE_OBJC_WEAK = YES;
				CLANG_WARN_BLOCK_CAPTURE_AUTORELEASING = YES;
				CLANG_WARN_BOOL_CONVERSION = YES;
				CLANG_WARN_COMMA = YES;
				CLANG_WARN_CONSTANT_CONVERSION = YES;
				CLANG_WARN_DEPRECATED_OBJC_IMPLEMENTATIONS = YES;
				CLANG_WARN_DIRECT_OBJC_ISA_USAGE = YES_ERROR;
				CLANG_WARN_DOCUMENTATION_COMMENTS = YES;
				CLANG_WARN_EMPTY_BODY = YES;
				CLANG_WARN_ENUM_CONVERSION = YES;
				CLANG_WARN_INFINITE_RECURSION = YES;
				CLANG_WARN_INT_CONVERSION = YES;
				CLANG_WARN_NON_LITERAL_NULL_CONVERSION = YES;
				CLANG_WARN_OBJC_IMPLICIT_RETAIN_SELF = YES;
				CLANG_WARN_OBJC_LITERAL_CONVERSION = YES;
				CLANG_WARN_OBJC_ROOT_CLASS = YES_ERROR;
				CLANG_WARN_QUOTED_INCLUDE_IN_FRAMEWORK_HEADER = YES;
				CLANG_WARN_RANGE_LOOP_ANALYSIS = YES;
				CLANG_WARN_STRICT_PROTOTYPES = YES;
				CLANG_WARN_SUSPICIOUS_MOVE = YES;
				CLANG_WARN_UNGUARDED_AVAILABILITY = YES_AGGRESSIVE;
				CLANG_WARN_UNREACHABLE_CODE = YES;
				CLANG_WARN__DUPLICATE_METHOD_MATCH = YES;
				COPY_PHASE_STRIP = NO;
				DEAD_CODE_STRIPPING = YES;
				DEBUG_INFORMATION_FORMAT = dwarf;
				ENABLE_STRICT_OBJC_MSGSEND = YES;
				ENABLE_TESTABILITY = YES;
				GCC_C_LANGUAGE_STANDARD = gnu11;
				GCC_DYNAMIC_NO_PIC = NO;
				GCC_NO_COMMON_BLOCKS = YES;
				GCC_OPTIMIZATION_LEVEL = 0;
				GCC_PREPROCESSOR_DEFINITIONS = (
					"DEBUG=1",
					"$(inherited)",
				);
				GCC_WARN_64_TO_32_BIT_CONVERSION = YES;
				GCC_WARN_ABOUT_RETURN_TYPE = YES_ERROR;
				GCC_WARN_UNDECLARED_SELECTOR = YES;
				GCC_WARN_UNINITIALIZED_AUTOS = YES_AGGRESSIVE;
				GCC_WARN_UNUSED_FUNCTION = YES;
				GCC_WARN_UNUSED_VARIABLE = YES;
				MACOSX_DEPLOYMENT_TARGET = 12.3;
				MTL_ENABLE_DEBUG_INFO = INCLUDE_SOURCE;
				MTL_FAST_MATH = YES;
				ONLY_ACTIVE_ARCH = YES;
				SDKROOT = macosx;
				SWIFT_ACTIVE_COMPILATION_CONDITIONS = DEBUG;
				SWIFT_OPTIMIZATION_LEVEL = "-Onone";
			};
			name = Debug;
		};
		7CF7B662282D518B0003632C /* Release */ = {
			isa = XCBuildConfiguration;
			buildSettings = {
				ALWAYS_SEARCH_USER_PATHS = NO;
				CLANG_ANALYZER_NONNULL = YES;
				CLANG_ANALYZER_NUMBER_OBJECT_CONVERSION = YES_AGGRESSIVE;
				CLANG_CXX_LANGUAGE_STANDARD = "gnu++17";
				CLANG_ENABLE_MODULES = YES;
				CLANG_ENABLE_OBJC_ARC = YES;
				CLANG_ENABLE_OBJC_WEAK = YES;
				CLANG_WARN_BLOCK_CAPTURE_AUTORELEASING = YES;
				CLANG_WARN_BOOL_CONVERSION = YES;
				CLANG_WARN_COMMA = YES;
				CLANG_WARN_CONSTANT_CONVERSION = YES;
				CLANG_WARN_DEPRECATED_OBJC_IMPLEMENTATIONS = YES;
				CLANG_WARN_DIRECT_OBJC_ISA_USAGE = YES_ERROR;
				CLANG_WARN_DOCUMENTATION_COMMENTS = YES;
				CLANG_WARN_EMPTY_BODY = YES;
				CLANG_WARN_ENUM_CONVERSION = YES;
				CLANG_WARN_INFINITE_RECURSION = YES;
				CLANG_WARN_INT_CONVERSION = YES;
				CLANG_WARN_NON_LITERAL_NULL_CONVERSION = YES;
				CLANG_WARN_OBJC_IMPLICIT_RETAIN_SELF = YES;
				CLANG_WARN_OBJC_LITERAL_CONVERSION = YES;
				CLANG_WARN_OBJC_ROOT_CLASS = YES_ERROR;
				CLANG_WARN_QUOTED_INCLUDE_IN_FRAMEWORK_HEADER = YES;
				CLANG_WARN_RANGE_LOOP_ANALYSIS = YES;
				CLANG_WARN_STRICT_PROTOTYPES = YES;
				CLANG_WARN_SUSPICIOUS_MOVE = YES;
				CLANG_WARN_UNGUARDED_AVAILABILITY = YES_AGGRESSIVE;
				CLANG_WARN_UNREACHABLE_CODE = YES;
				CLANG_WARN__DUPLICATE_METHOD_MATCH = YES;
				COPY_PHASE_STRIP = NO;
				DEAD_CODE_STRIPPING = YES;
				DEBUG_INFORMATION_FORMAT = "dwarf-with-dsym";
				ENABLE_NS_ASSERTIONS = NO;
				ENABLE_STRICT_OBJC_MSGSEND = YES;
				GCC_C_LANGUAGE_STANDARD = gnu11;
				GCC_NO_COMMON_BLOCKS = YES;
				GCC_WARN_64_TO_32_BIT_CONVERSION = YES;
				GCC_WARN_ABOUT_RETURN_TYPE = YES_ERROR;
				GCC_WARN_UNDECLARED_SELECTOR = YES;
				GCC_WARN_UNINITIALIZED_AUTOS = YES_AGGRESSIVE;
				GCC_WARN_UNUSED_FUNCTION = YES;
				GCC_WARN_UNUSED_VARIABLE = YES;
				MACOSX_DEPLOYMENT_TARGET = 12.3;
				MTL_ENABLE_DEBUG_INFO = NO;
				MTL_FAST_MATH = YES;
				SDKROOT = macosx;
				SWIFT_COMPILATION_MODE = wholemodule;
				SWIFT_OPTIMIZATION_LEVEL = "-O";
			};
			name = Release;
		};
		7CF7B664282D518B0003632C /* Debug */ = {
			isa = XCBuildConfiguration;
			buildSettings = {
				ASSETCATALOG_COMPILER_APPICON_NAME = AppIcon;
				ASSETCATALOG_COMPILER_GLOBAL_ACCENT_COLOR_NAME = AccentColor;
				CODE_SIGN_ENTITLEMENTS = Blabber/Blabber.entitlements;
				CODE_SIGN_IDENTITY = "-";
				CODE_SIGN_STYLE = Automatic;
				COMBINE_HIDPI_IMAGES = YES;
				CURRENT_PROJECT_VERSION = 1;
				DEAD_CODE_STRIPPING = YES;
				DEVELOPMENT_ASSET_PATHS = "\"Blabber/Preview Content\"";
				DEVELOPMENT_TEAM = 82C89Q2K4T;
				ENABLE_HARDENED_RUNTIME = YES;
				ENABLE_PREVIEWS = YES;
				GENERATE_INFOPLIST_FILE = YES;
				INFOPLIST_KEY_NSHumanReadableCopyright = "";
				LD_RUNPATH_SEARCH_PATHS = (
					"$(inherited)",
					"@executable_path/../Frameworks",
				);
				MARKETING_VERSION = 1.0;
				PRODUCT_BUNDLE_IDENTIFIER = com.timothykaechle.Blabber;
				PRODUCT_NAME = "$(TARGET_NAME)";
				SWIFT_EMIT_LOC_STRINGS = YES;
				SWIFT_VERSION = 5.0;
			};
			name = Debug;
		};
		7CF7B665282D518B0003632C /* Release */ = {
			isa = XCBuildConfiguration;
			buildSettings = {
				ASSETCATALOG_COMPILER_APPICON_NAME = AppIcon;
				ASSETCATALOG_COMPILER_GLOBAL_ACCENT_COLOR_NAME = AccentColor;
				CODE_SIGN_ENTITLEMENTS = Blabber/Blabber.entitlements;
				CODE_SIGN_IDENTITY = "-";
				CODE_SIGN_STYLE = Automatic;
				COMBINE_HIDPI_IMAGES = YES;
				CURRENT_PROJECT_VERSION = 1;
				DEAD_CODE_STRIPPING = YES;
				DEVELOPMENT_ASSET_PATHS = "\"Blabber/Preview Content\"";
				DEVELOPMENT_TEAM = 82C89Q2K4T;
				ENABLE_HARDENED_RUNTIME = YES;
				ENABLE_PREVIEWS = YES;
				GENERATE_INFOPLIST_FILE = YES;
				INFOPLIST_KEY_NSHumanReadableCopyright = "";
				LD_RUNPATH_SEARCH_PATHS = (
					"$(inherited)",
					"@executable_path/../Frameworks",
				);
				MARKETING_VERSION = 1.0;
				PRODUCT_BUNDLE_IDENTIFIER = com.timothykaechle.Blabber;
				PRODUCT_NAME = "$(TARGET_NAME)";
				SWIFT_EMIT_LOC_STRINGS = YES;
				SWIFT_VERSION = 5.0;
			};
			name = Release;
		};
		7CF7B667282D518B0003632C /* Debug */ = {
			isa = XCBuildConfiguration;
			buildSettings = {
				ALWAYS_EMBED_SWIFT_STANDARD_LIBRARIES = YES;
				BUNDLE_LOADER = "$(TEST_HOST)";
				CODE_SIGN_STYLE = Automatic;
				CURRENT_PROJECT_VERSION = 1;
				DEAD_CODE_STRIPPING = YES;
				DEVELOPMENT_TEAM = 82C89Q2K4T;
				GENERATE_INFOPLIST_FILE = YES;
				MACOSX_DEPLOYMENT_TARGET = 12.3;
				MARKETING_VERSION = 1.0;
				PRODUCT_BUNDLE_IDENTIFIER = com.timothykaechle.BlabberTests;
				PRODUCT_NAME = "$(TARGET_NAME)";
				SWIFT_EMIT_LOC_STRINGS = NO;
				SWIFT_VERSION = 5.0;
				TEST_HOST = "$(BUILT_PRODUCTS_DIR)/Blabber.app/Contents/MacOS/Blabber";
			};
			name = Debug;
		};
		7CF7B668282D518B0003632C /* Release */ = {
			isa = XCBuildConfiguration;
			buildSettings = {
				ALWAYS_EMBED_SWIFT_STANDARD_LIBRARIES = YES;
				BUNDLE_LOADER = "$(TEST_HOST)";
				CODE_SIGN_STYLE = Automatic;
				CURRENT_PROJECT_VERSION = 1;
				DEAD_CODE_STRIPPING = YES;
				DEVELOPMENT_TEAM = 82C89Q2K4T;
				GENERATE_INFOPLIST_FILE = YES;
				MACOSX_DEPLOYMENT_TARGET = 12.3;
				MARKETING_VERSION = 1.0;
				PRODUCT_BUNDLE_IDENTIFIER = com.timothykaechle.BlabberTests;
				PRODUCT_NAME = "$(TARGET_NAME)";
				SWIFT_EMIT_LOC_STRINGS = NO;
				SWIFT_VERSION = 5.0;
				TEST_HOST = "$(BUILT_PRODUCTS_DIR)/Blabber.app/Contents/MacOS/Blabber";
			};
			name = Release;
		};
		7CF7B66A282D518B0003632C /* Debug */ = {
			isa = XCBuildConfiguration;
			buildSettings = {
				ALWAYS_EMBED_SWIFT_STANDARD_LIBRARIES = YES;
				CODE_SIGN_STYLE = Automatic;
				CURRENT_PROJECT_VERSION = 1;
				DEAD_CODE_STRIPPING = YES;
				DEVELOPMENT_TEAM = 82C89Q2K4T;
				GENERATE_INFOPLIST_FILE = YES;
				MARKETING_VERSION = 1.0;
				PRODUCT_BUNDLE_IDENTIFIER = com.timothykaechle.BlabberUITests;
				PRODUCT_NAME = "$(TARGET_NAME)";
				SWIFT_EMIT_LOC_STRINGS = NO;
				SWIFT_VERSION = 5.0;
				TEST_TARGET_NAME = Blabber;
			};
			name = Debug;
		};
		7CF7B66B282D518B0003632C /* Release */ = {
			isa = XCBuildConfiguration;
			buildSettings = {
				ALWAYS_EMBED_SWIFT_STANDARD_LIBRARIES = YES;
				CODE_SIGN_STYLE = Automatic;
				CURRENT_PROJECT_VERSION = 1;
				DEAD_CODE_STRIPPING = YES;
				DEVELOPMENT_TEAM = 82C89Q2K4T;
				GENERATE_INFOPLIST_FILE = YES;
				MARKETING_VERSION = 1.0;
				PRODUCT_BUNDLE_IDENTIFIER = com.timothykaechle.BlabberUITests;
				PRODUCT_NAME = "$(TARGET_NAME)";
				SWIFT_EMIT_LOC_STRINGS = NO;
				SWIFT_VERSION = 5.0;
				TEST_TARGET_NAME = Blabber;
			};
			name = Release;
		};
/* End XCBuildConfiguration section */

/* Begin XCConfigurationList section */
		7CF7B639282D51890003632C /* Build configuration list for PBXProject "Blabber" */ = {
			isa = XCConfigurationList;
			buildConfigurations = (
				7CF7B661282D518B0003632C /* Debug */,
				7CF7B662282D518B0003632C /* Release */,
			);
			defaultConfigurationIsVisible = 0;
			defaultConfigurationName = Release;
		};
		7CF7B663282D518B0003632C /* Build configuration list for PBXNativeTarget "Blabber" */ = {
			isa = XCConfigurationList;
			buildConfigurations = (
				7CF7B664282D518B0003632C /* Debug */,
				7CF7B665282D518B0003632C /* Release */,
			);
			defaultConfigurationIsVisible = 0;
			defaultConfigurationName = Release;
		};
		7CF7B666282D518B0003632C /* Build configuration list for PBXNativeTarget "BlabberTests" */ = {
			isa = XCConfigurationList;
			buildConfigurations = (
				7CF7B667282D518B0003632C /* Debug */,
				7CF7B668282D518B0003632C /* Release */,
			);
			defaultConfigurationIsVisible = 0;
			defaultConfigurationName = Release;
		};
		7CF7B669282D518B0003632C /* Build configuration list for PBXNativeTarget "BlabberUITests" */ = {
			isa = XCConfigurationList;
			buildConfigurations = (
				7CF7B66A282D518B0003632C /* Debug */,
				7CF7B66B282D518B0003632C /* Release */,
			);
			defaultConfigurationIsVisible = 0;
			defaultConfigurationName = Release;
		};
/* End XCConfigurationList section */
	};
	rootObject = 7CF7B636282D51890003632C /* Project object */;
}
